{
  "version": 4,
  "terraform_version": "1.1.9",
  "serial": 165,
  "lineage": "0f83b912-05bc-a311-d0ca-3ee523211cd2",
  "outputs": {},
  "resources": [
    {
      "mode": "data",
      "type": "archive_file",
      "name": "lambda-zip",
      "provider": "provider[\"registry.terraform.io/hashicorp/archive\"]",
      "instances": [
        {
          "schema_version": 0,
          "attributes": {
            "excludes": null,
            "id": "1afd7559f5cbda8366e70bc7e98973e9cb3e1bb8",
            "output_base64sha256": "8o12fAyk/viMfa6Hxk8Skj99E8CmktTlzKW9D4FxSxg=",
            "output_file_mode": null,
            "output_md5": "050cdab1d078ddcc036fce3948387dcd",
            "output_path": "lambda.zip",
            "output_sha": "1afd7559f5cbda8366e70bc7e98973e9cb3e1bb8",
            "output_size": 434,
            "source": [],
            "source_content": null,
            "source_content_filename": null,
            "source_dir": "lambda",
            "source_file": null,
            "type": "zip"
          },
          "sensitive_attributes": []
        }
      ]
    },
    {
      "mode": "managed",
      "type": "aws_apigatewayv2_api",
      "name": "lambda-api",
      "provider": "provider[\"registry.terraform.io/hashicorp/aws\"]",
      "instances": [
        {
          "schema_version": 0,
          "attributes": {
            "api_endpoint": "https://o8fh0gi8q4.execute-api.us-east-2.amazonaws.com",
            "api_key_selection_expression": "$request.header.x-api-key",
            "arn": "arn:aws:apigateway:us-east-2::/apis/o8fh0gi8q4",
            "body": null,
            "cors_configuration": [],
            "credentials_arn": null,
            "description": "",
            "disable_execute_api_endpoint": false,
            "execution_arn": "arn:aws:execute-api:us-east-2:299774672086:o8fh0gi8q4",
            "fail_on_warnings": null,
            "id": "o8fh0gi8q4",
            "name": "v2-http-api",
            "protocol_type": "HTTP",
            "route_key": null,
            "route_selection_expression": "$request.method $request.path",
            "tags": {
              "Environment": "production",
              "Name": "serverless_template"
            },
            "tags_all": {
              "Environment": "production",
              "Name": "serverless_template"
            },
            "target": null,
            "version": ""
          },
          "sensitive_attributes": [],
          "private": "bnVsbA=="
        }
      ]
    },
    {
      "mode": "managed",
      "type": "aws_apigatewayv2_integration",
      "name": "lambda-integration",
      "provider": "provider[\"registry.terraform.io/hashicorp/aws\"]",
      "instances": [
        {
          "schema_version": 0,
          "attributes": {
            "api_id": "o8fh0gi8q4",
            "connection_id": "",
            "connection_type": "INTERNET",
            "content_handling_strategy": "",
            "credentials_arn": "",
            "description": "",
            "id": "g1uco5r",
            "integration_method": "POST",
            "integration_response_selection_expression": "",
            "integration_subtype": "",
            "integration_type": "AWS_PROXY",
            "integration_uri": "arn:aws:apigateway:us-east-2:lambda:path/2015-03-31/functions/arn:aws:lambda:us-east-2:299774672086:function:lambda-function/invocations",
            "passthrough_behavior": "",
            "payload_format_version": "1.0",
            "request_parameters": null,
            "request_templates": null,
            "response_parameters": [],
            "template_selection_expression": "",
            "timeout_milliseconds": 30000,
            "tls_config": []
          },
          "sensitive_attributes": [],
          "private": "bnVsbA==",
          "dependencies": [
            "aws_apigatewayv2_api.lambda-api",
            "aws_iam_role.lambda-iam",
            "aws_lambda_function.lambda",
            "data.archive_file.lambda-zip"
          ]
        }
      ]
    },
    {
      "mode": "managed",
      "type": "aws_apigatewayv2_route",
      "name": "lambda_route",
      "provider": "provider[\"registry.terraform.io/hashicorp/aws\"]",
      "instances": [
        {
          "schema_version": 0,
          "attributes": {
            "api_id": "o8fh0gi8q4",
            "api_key_required": false,
            "authorization_scopes": null,
            "authorization_type": "NONE",
            "authorizer_id": "",
            "id": "xbdge7n",
            "model_selection_expression": "",
            "operation_name": "",
            "request_models": null,
            "request_parameter": [],
            "route_key": "GET /order",
            "route_response_selection_expression": "",
            "target": "integrations/g1uco5r"
          },
          "sensitive_attributes": [],
          "private": "bnVsbA==",
          "dependencies": [
            "aws_apigatewayv2_api.lambda-api",
            "aws_apigatewayv2_integration.lambda-integration",
            "aws_iam_role.lambda-iam",
            "aws_lambda_function.lambda",
            "data.archive_file.lambda-zip"
          ]
        }
      ]
    },
    {
      "mode": "managed",
      "type": "aws_apigatewayv2_stage",
      "name": "lambda-stage",
      "provider": "provider[\"registry.terraform.io/hashicorp/aws\"]",
      "instances": [
        {
          "schema_version": 0,
          "attributes": {
            "access_log_settings": [],
            "api_id": "o8fh0gi8q4",
            "arn": "arn:aws:apigateway:us-east-2::/apis/o8fh0gi8q4/stages/$default",
            "auto_deploy": true,
            "client_certificate_id": "",
            "default_route_settings": [
              {
                "data_trace_enabled": false,
                "detailed_metrics_enabled": false,
                "logging_level": "",
                "throttling_burst_limit": 0,
                "throttling_rate_limit": 0
              }
            ],
            "deployment_id": "",
            "description": "",
            "execution_arn": "arn:aws:execute-api:us-east-2:299774672086:o8fh0gi8q4/$default",
            "id": "$default",
            "invoke_url": "https://o8fh0gi8q4.execute-api.us-east-2.amazonaws.com/",
            "name": "$default",
            "route_settings": [],
            "stage_variables": null,
            "tags": {
              "Environment": "production",
              "Name": "serverless_template"
            },
            "tags_all": {
              "Environment": "production",
              "Name": "serverless_template"
            }
          },
          "sensitive_attributes": [],
          "private": "bnVsbA==",
          "dependencies": [
            "aws_apigatewayv2_api.lambda-api"
          ]
        }
      ]
    },
    {
      "mode": "managed",
      "type": "aws_dynamodb_table",
      "name": "basic-dynamodb-table",
      "provider": "provider[\"registry.terraform.io/hashicorp/aws\"]",
      "instances": [
        {
          "schema_version": 1,
          "attributes": {
            "arn": "arn:aws:dynamodb:us-east-2:299774672086:table/ServerlessCoffeeOrders",
            "attribute": [
              {
                "name": "Id",
                "type": "S"
              },
              {
                "name": "Time",
                "type": "N"
              }
            ],
            "billing_mode": "PAY_PER_REQUEST",
            "global_secondary_index": [],
            "hash_key": "Id",
            "id": "ServerlessCoffeeOrders",
            "local_secondary_index": [
              {
                "name": "TimeIndex",
                "non_key_attributes": [
                  "Id"
                ],
                "projection_type": "INCLUDE",
                "range_key": "Time"
              }
            ],
            "name": "ServerlessCoffeeOrders",
            "point_in_time_recovery": [
              {
                "enabled": false
              }
            ],
            "range_key": "Time",
            "read_capacity": 0,
            "replica": [],
            "restore_date_time": null,
            "restore_source_name": null,
            "restore_to_latest_time": null,
            "server_side_encryption": [
              {
                "enabled": true,
                "kms_key_arn": "arn:aws:kms:us-east-2:299774672086:key/0c13da4c-4563-4edc-b466-f2dbca6ad6e7"
              }
            ],
            "stream_arn": "",
            "stream_enabled": false,
            "stream_label": "",
            "stream_view_type": "",
            "table_class": "",
            "tags": {
              "Environment": "production",
              "Name": "serverless_template"
            },
            "tags_all": {
              "Environment": "production",
              "Name": "serverless_template"
            },
            "timeouts": null,
            "ttl": [
              {
                "attribute_name": "",
                "enabled": false
              }
            ],
            "write_capacity": 0
          },
          "sensitive_attributes": [],
          "private": "eyJlMmJmYjczMC1lY2FhLTExZTYtOGY4OC0zNDM2M2JjN2M0YzAiOnsiY3JlYXRlIjoxODAwMDAwMDAwMDAwLCJkZWxldGUiOjYwMDAwMDAwMDAwMCwidXBkYXRlIjozNjAwMDAwMDAwMDAwfSwic2NoZW1hX3ZlcnNpb24iOiIxIn0="
        }
      ]
    },
    {
      "mode": "managed",
      "type": "aws_iam_policy",
      "name": "lambda_to_dynamo",
      "provider": "provider[\"registry.terraform.io/hashicorp/aws\"]",
      "instances": [
        {
          "schema_version": 0,
          "attributes": {
            "arn": "arn:aws:iam::299774672086:policy/example_lambda_to_dynamo",
            "description": "Iam policy for example to dynamo",
            "id": "arn:aws:iam::299774672086:policy/example_lambda_to_dynamo",
            "name": "example_lambda_to_dynamo",
            "name_prefix": null,
            "path": "/",
            "policy": "{\"Statement\":[{\"Action\":\"dynamodb:*\",\"Effect\":\"Allow\",\"Resource\":[\"arn:aws:dynamodb:us-east-2:299774672086:table/SunriseNotes-Tags\",\"arn:aws:dynamodb:us-east-2:299774672086:table/ServerlessCoffeeOrders\"],\"Sid\":\"\"}],\"Version\":\"2012-10-17\"}",
            "policy_id": "ANPAULS7WPTLHMSVZOEED",
            "tags": null,
            "tags_all": {}
          },
          "sensitive_attributes": [],
          "private": "bnVsbA==",
          "dependencies": [
            "aws_dynamodb_table.basic-dynamodb-table"
          ]
        }
      ]
    },
    {
      "mode": "managed",
      "type": "aws_iam_role",
      "name": "lambda-iam",
      "provider": "provider[\"registry.terraform.io/hashicorp/aws\"]",
      "instances": [
        {
          "schema_version": 0,
          "attributes": {
            "arn": "arn:aws:iam::299774672086:role/lambda-iam",
            "assume_role_policy": "{\"Version\":\"2012-10-17\",\"Statement\":[{\"Sid\":\"\",\"Effect\":\"Allow\",\"Principal\":{\"Service\":\"lambda.amazonaws.com\"},\"Action\":\"sts:AssumeRole\"}]}",
            "create_date": "2022-04-24T07:13:46Z",
            "description": "",
            "force_detach_policies": false,
            "id": "lambda-iam",
            "inline_policy": [
              {
                "name": "",
                "policy": ""
              }
            ],
            "managed_policy_arns": [],
            "max_session_duration": 3600,
            "name": "lambda-iam",
            "name_prefix": "",
            "path": "/",
            "permissions_boundary": null,
            "tags": {
              "Environment": "production",
              "Name": "serverless_template"
            },
            "tags_all": {
              "Environment": "production",
              "Name": "serverless_template"
            },
            "unique_id": "AROAULS7WPTLN4LCJT2C4"
          },
          "sensitive_attributes": [],
          "private": "bnVsbA=="
        }
      ]
    },
    {
      "mode": "managed",
      "type": "aws_iam_role_policy_attachment",
      "name": "attach_lambda_to_dynamo",
      "provider": "provider[\"registry.terraform.io/hashicorp/aws\"]",
      "instances": [
        {
          "schema_version": 0,
          "attributes": {
            "id": "lambda-iam-20220424071400041700000001",
            "policy_arn": "arn:aws:iam::299774672086:policy/example_lambda_to_dynamo",
            "role": "lambda-iam"
          },
          "sensitive_attributes": [],
          "private": "bnVsbA==",
          "dependencies": [
            "aws_dynamodb_table.basic-dynamodb-table",
            "aws_iam_policy.lambda_to_dynamo",
            "aws_iam_role.lambda-iam"
          ]
        }
      ]
    },
    {
      "mode": "managed",
      "type": "aws_lambda_function",
      "name": "lambda",
      "provider": "provider[\"registry.terraform.io/hashicorp/aws\"]",
      "instances": [
        {
          "schema_version": 0,
          "attributes": {
            "architectures": [
              "x86_64"
            ],
            "arn": "arn:aws:lambda:us-east-2:299774672086:function:lambda-function",
            "code_signing_config_arn": "",
            "dead_letter_config": [],
            "description": "",
            "environment": [],
            "ephemeral_storage": [
              {
                "size": 512
              }
            ],
            "file_system_config": [],
            "filename": "lambda.zip",
            "function_name": "lambda-function",
            "handler": "lambda.lambda_handler",
            "id": "lambda-function",
            "image_config": [],
            "image_uri": "",
            "invoke_arn": "arn:aws:apigateway:us-east-2:lambda:path/2015-03-31/functions/arn:aws:lambda:us-east-2:299774672086:function:lambda-function/invocations",
            "kms_key_arn": "",
            "last_modified": "2022-04-24T07:13:55.399+0000",
            "layers": null,
            "memory_size": 128,
            "package_type": "Zip",
            "publish": false,
            "qualified_arn": "arn:aws:lambda:us-east-2:299774672086:function:lambda-function:$LATEST",
            "reserved_concurrent_executions": -1,
            "role": "arn:aws:iam::299774672086:role/lambda-iam",
            "runtime": "python3.8",
            "s3_bucket": null,
            "s3_key": null,
            "s3_object_version": null,
            "signing_job_arn": "",
            "signing_profile_version_arn": "",
            "source_code_hash": "8o12fAyk/viMfa6Hxk8Skj99E8CmktTlzKW9D4FxSxg=",
            "source_code_size": 434,
            "tags": {
              "Environment": "production",
              "Name": "serverless_template"
            },
            "tags_all": {
              "Environment": "production",
              "Name": "serverless_template"
            },
            "timeout": 3,
            "timeouts": null,
            "tracing_config": [
              {
                "mode": "PassThrough"
              }
            ],
            "version": "$LATEST",
            "vpc_config": []
          },
          "sensitive_attributes": [],
          "private": "eyJlMmJmYjczMC1lY2FhLTExZTYtOGY4OC0zNDM2M2JjN2M0YzAiOnsiY3JlYXRlIjo2MDAwMDAwMDAwMDB9fQ==",
          "dependencies": [
            "aws_iam_role.lambda-iam",
            "data.archive_file.lambda-zip"
          ]
        }
      ]
    },
    {
      "mode": "managed",
      "type": "aws_lambda_permission",
      "name": "api-gw",
      "provider": "provider[\"registry.terraform.io/hashicorp/aws\"]",
      "instances": [
        {
          "schema_version": 0,
          "attributes": {
            "action": "lambda:InvokeFunction",
            "event_source_token": null,
            "function_name": "arn:aws:lambda:us-east-2:299774672086:function:lambda-function",
            "id": "AllowExecutionFromAPIGateway",
            "principal": "apigateway.amazonaws.com",
            "principal_org_id": null,
            "qualifier": "",
            "source_account": null,
            "source_arn": "arn:aws:execute-api:us-east-2:299774672086:o8fh0gi8q4/*/*/*",
            "statement_id": "AllowExecutionFromAPIGateway",
            "statement_id_prefix": null
          },
          "sensitive_attributes": [],
          "private": "bnVsbA==",
          "dependencies": [
            "aws_apigatewayv2_api.lambda-api",
            "aws_iam_role.lambda-iam",
            "aws_lambda_function.lambda",
            "data.archive_file.lambda-zip"
          ]
        }
      ]
    }
  ]
}
